{"filter":false,"title":"Gemfile.lock","tooltip":"/myrottenpotatoes/Gemfile.lock","undoManager":{"mark":-1,"position":-1,"stack":[]},"ace":{"folds":[],"scrolltop":0,"scrollleft":0,"selection":{"start":{"row":0,"column":0},"end":{"row":0,"column":0},"isBackwards":false},"options":{"guessTabSize":true,"useWrapMode":false,"wrapToView":true},"firstLineState":0},"timestamp":1540789245942,"hash":"235a4fc5ddb1fb5ac35cdeebc4f9d2e7ccfde62d"}